
Microsoft Visual Studio Solution File, Format Version 12.00
# Visual Studio Version 16
VisualStudioVersion = 16.0.32602.291
MinimumVisualStudioVersion = 10.0.40219.1
Project("{FAE04EC0-301F-11D3-BF4B-00C04F79EFBC}") = "testOrgRepo", "testOrgRepo.csproj", "{BD2B027A-7C31-426D-BE21-6904CFA19F6F}"
EndProject
Global
	GlobalSection(SolutionConfigurationPlatforms) = preSolution
		Debug|Any CPU = Debug|Any CPU
		Release|Any CPU = Release|Any CPU
	EndGlobalSection
	GlobalSection(ProjectConfigurationPlatforms) = postSolution
		{BD2B027A-7C31-426D-BE21-6904CFA19F6F}.Debug|Any CPU.ActiveCfg = Debug|Any CPU
		{BD2B027A-7C31-426D-BE21-6904CFA19F6F}.Debug|Any CPU.Build.0 = Debug|Any CPU
		{BD2B027A-7C31-426D-BE21-6904CFA19F6F}.Release|Any CPU.ActiveCfg = Release|Any CPU
		{BD2B027A-7C31-426D-BE21-6904CFA19F6F}.Release|Any CPU.Build.0 = Release|Any CPU
	EndGlobalSection
	GlobalSection(SolutionProperties) = preSolution
		HideSolutionNode = FALSE
	EndGlobalSection
	GlobalSection(ExtensibilityGlobals) = postSolution
		SolutionGuid = {36B903E3-BA21-48BE-AD6D-04F7AF6791AF}
	EndGlobalSection
EndGlobal
